{
  "version": 4,
  "terraform_version": "1.9.2",
  "serial": 1,
  "lineage": "4e838aeb-3df3-98ff-bbd7-63640a067c01",
  "outputs": {},
  "resources": [
    {
      "mode": "managed",
      "type": "spotify_playlist",
      "name": "CubaanPertama",
      "provider": "provider[\"registry.terraform.io/conradludgate/spotify\"]",
      "instances": [
        {
          "schema_version": 0,
          "attributes": {
            "description": null,
            "id": "7Ci6bMFrl2NTwYiBoFo9As",
            "name": "CubaanPertama",
            "public": true,
            "snapshot_id": "AAAAApQRJw/3RDtCz1b+JGWz8RrCz5QK",
            "tracks": [
              "2OpBganfGk2GVdSlRdxzaX",
              "4FyesJzVpA39hbYvcseO2d"
            ]
          },
          "sensitive_attributes": [],
          "private": "bnVsbA=="
        }
      ]
    }
  ],
  "check_results": null
}
